// !$*UTF8*$!
{
	archiveVersion = 1;
	classes = {
	};
	objectVersion = 46;
	objects = {

/* Begin PBXBuildFile section */
		751D2CD119DE775A001459C9 /* CALayer+extension.m in Sources */ = {isa = PBXBuildFile; fileRef = 751D2CD019DE775A001459C9 /* CALayer+extension.m */; };
		75718B1519DEF0F70083CD9D /* ShoppingList.m in Sources */ = {isa = PBXBuildFile; fileRef = 75718B1419DEF0F70083CD9D /* ShoppingList.m */; };
		75718B1919DEF9EE0083CD9D /* ListTableCell.m in Sources */ = {isa = PBXBuildFile; fileRef = 75718B1819DEF9EE0083CD9D /* ListTableCell.m */; };
		75EBD1CB19DD99A800183B88 /* main.m in Sources */ = {isa = PBXBuildFile; fileRef = 75EBD1CA19DD99A800183B88 /* main.m */; };
		75EBD1CE19DD99A800183B88 /* AppDelegate.m in Sources */ = {isa = PBXBuildFile; fileRef = 75EBD1CD19DD99A800183B88 /* AppDelegate.m */; };
		75EBD1D419DD99A800183B88 /* Main.storyboard in Resources */ = {isa = PBXBuildFile; fileRef = 75EBD1D219DD99A800183B88 /* Main.storyboard */; };
		75EBD1D619DD99A800183B88 /* Images.xcassets in Resources */ = {isa = PBXBuildFile; fileRef = 75EBD1D519DD99A800183B88 /* Images.xcassets */; };
		75EBD1D919DD99A800183B88 /* LaunchScreen.xib in Resources */ = {isa = PBXBuildFile; fileRef = 75EBD1D719DD99A800183B88 /* LaunchScreen.xib */; };
		75EBD1E519DD99A900183B88 /* SimplyTests.m in Sources */ = {isa = PBXBuildFile; fileRef = 75EBD1E419DD99A900183B88 /* SimplyTests.m */; };
		75EBD1F019DD9B1000183B88 /* MyListsViewController.m in Sources */ = {isa = PBXBuildFile; fileRef = 75EBD1EF19DD9B1000183B88 /* MyListsViewController.m */; };
		75EBD1F319DD9ED200183B88 /* AddNewListViewController.m in Sources */ = {isa = PBXBuildFile; fileRef = 75EBD1F219DD9ED200183B88 /* AddNewListViewController.m */; };
		EF422E3D19DDC419009661C5 /* SettingsViewController.m in Sources */ = {isa = PBXBuildFile; fileRef = EF422E3C19DDC419009661C5 /* SettingsViewController.m */; };
/* End PBXBuildFile section */

/* Begin PBXContainerItemProxy section */
		75EBD1DF19DD99A900183B88 /* PBXContainerItemProxy */ = {
			isa = PBXContainerItemProxy;
			containerPortal = 75EBD1BD19DD99A800183B88 /* Project object */;
			proxyType = 1;
			remoteGlobalIDString = 75EBD1C419DD99A800183B88;
			remoteInfo = Simply;
		};
/* End PBXContainerItemProxy section */

/* Begin PBXFileReference section */
		751D2CCF19DE775A001459C9 /* CALayer+extension.h */ = {isa = PBXFileReference; fileEncoding = 4; lastKnownFileType = sourcecode.c.h; path = "CALayer+extension.h"; sourceTree = "<group>"; };
		751D2CD019DE775A001459C9 /* CALayer+extension.m */ = {isa = PBXFileReference; fileEncoding = 4; lastKnownFileType = sourcecode.c.objc; path = "CALayer+extension.m"; sourceTree = "<group>"; };
		75718B1319DEF0F70083CD9D /* ShoppingList.h */ = {isa = PBXFileReference; fileEncoding = 4; lastKnownFileType = sourcecode.c.h; path = ShoppingList.h; sourceTree = "<group>"; };
		75718B1419DEF0F70083CD9D /* ShoppingList.m */ = {isa = PBXFileReference; fileEncoding = 4; lastKnownFileType = sourcecode.c.objc; path = ShoppingList.m; sourceTree = "<group>"; };
		75718B1619DEF1DE0083CD9D /* SimplyConstants.h */ = {isa = PBXFileReference; lastKnownFileType = sourcecode.c.h; path = SimplyConstants.h; sourceTree = "<group>"; };
		75718B1719DEF9EE0083CD9D /* ListTableCell.h */ = {isa = PBXFileReference; fileEncoding = 4; lastKnownFileType = sourcecode.c.h; path = ListTableCell.h; sourceTree = "<group>"; };
		75718B1819DEF9EE0083CD9D /* ListTableCell.m */ = {isa = PBXFileReference; fileEncoding = 4; lastKnownFileType = sourcecode.c.objc; path = ListTableCell.m; sourceTree = "<group>"; };
		75EBD1C519DD99A800183B88 /* Simply.app */ = {isa = PBXFileReference; explicitFileType = wrapper.application; includeInIndex = 0; path = Simply.app; sourceTree = BUILT_PRODUCTS_DIR; };
		75EBD1C919DD99A800183B88 /* Info.plist */ = {isa = PBXFileReference; lastKnownFileType = text.plist.xml; path = Info.plist; sourceTree = "<group>"; };
		75EBD1CA19DD99A800183B88 /* main.m */ = {isa = PBXFileReference; lastKnownFileType = sourcecode.c.objc; path = main.m; sourceTree = "<group>"; };
		75EBD1CC19DD99A800183B88 /* AppDelegate.h */ = {isa = PBXFileReference; lastKnownFileType = sourcecode.c.h; path = AppDelegate.h; sourceTree = "<group>"; };
		75EBD1CD19DD99A800183B88 /* AppDelegate.m */ = {isa = PBXFileReference; lastKnownFileType = sourcecode.c.objc; path = AppDelegate.m; sourceTree = "<group>"; };
		75EBD1D319DD99A800183B88 /* Base */ = {isa = PBXFileReference; lastKnownFileType = file.storyboard; name = Base; path = Base.lproj/Main.storyboard; sourceTree = "<group>"; };
		75EBD1D519DD99A800183B88 /* Images.xcassets */ = {isa = PBXFileReference; lastKnownFileType = folder.assetcatalog; path = Images.xcassets; sourceTree = "<group>"; };
		75EBD1D819DD99A800183B88 /* Base */ = {isa = PBXFileReference; lastKnownFileType = file.xib; name = Base; path = Base.lproj/LaunchScreen.xib; sourceTree = "<group>"; };
		75EBD1DE19DD99A900183B88 /* SimplyTests.xctest */ = {isa = PBXFileReference; explicitFileType = wrapper.cfbundle; includeInIndex = 0; path = SimplyTests.xctest; sourceTree = BUILT_PRODUCTS_DIR; };
		75EBD1E319DD99A900183B88 /* Info.plist */ = {isa = PBXFileReference; lastKnownFileType = text.plist.xml; path = Info.plist; sourceTree = "<group>"; };
		75EBD1E419DD99A900183B88 /* SimplyTests.m */ = {isa = PBXFileReference; lastKnownFileType = sourcecode.c.objc; path = SimplyTests.m; sourceTree = "<group>"; };
		75EBD1EE19DD9B1000183B88 /* MyListsViewController.h */ = {isa = PBXFileReference; fileEncoding = 4; lastKnownFileType = sourcecode.c.h; path = MyListsViewController.h; sourceTree = "<group>"; };
		75EBD1EF19DD9B1000183B88 /* MyListsViewController.m */ = {isa = PBXFileReference; fileEncoding = 4; lastKnownFileType = sourcecode.c.objc; path = MyListsViewController.m; sourceTree = "<group>"; };
		75EBD1F119DD9ED200183B88 /* AddNewListViewController.h */ = {isa = PBXFileReference; fileEncoding = 4; lastKnownFileType = sourcecode.c.h; path = AddNewListViewController.h; sourceTree = "<group>"; };
		75EBD1F219DD9ED200183B88 /* AddNewListViewController.m */ = {isa = PBXFileReference; fileEncoding = 4; lastKnownFileType = sourcecode.c.objc; path = AddNewListViewController.m; sourceTree = "<group>"; };
		EF422E3B19DDC419009661C5 /* SettingsViewController.h */ = {isa = PBXFileReference; fileEncoding = 4; lastKnownFileType = sourcecode.c.h; path = SettingsViewController.h; sourceTree = "<group>"; };
		EF422E3C19DDC419009661C5 /* SettingsViewController.m */ = {isa = PBXFileReference; fileEncoding = 4; lastKnownFileType = sourcecode.c.objc; path = SettingsViewController.m; sourceTree = "<group>"; };
/* End PBXFileReference section */

/* Begin PBXFrameworksBuildPhase section */
		75EBD1C219DD99A800183B88 /* Frameworks */ = {
			isa = PBXFrameworksBuildPhase;
			buildActionMask = 2147483647;
			files = (
			);
			runOnlyForDeploymentPostprocessing = 0;
		};
		75EBD1DB19DD99A900183B88 /* Frameworks */ = {
			isa = PBXFrameworksBuildPhase;
			buildActionMask = 2147483647;
			files = (
			);
			runOnlyForDeploymentPostprocessing = 0;
		};
/* End PBXFrameworksBuildPhase section */

/* Begin PBXGroup section */
		75718B1219DEF0A70083CD9D /* Models */ = {
			isa = PBXGroup;
			children = (
				75718B1319DEF0F70083CD9D /* ShoppingList.h */,
				75718B1419DEF0F70083CD9D /* ShoppingList.m */,
				75718B1619DEF1DE0083CD9D /* SimplyConstants.h */,
			);
			name = Models;
			sourceTree = "<group>";
		};
		75EBD1BC19DD99A800183B88 = {
			isa = PBXGroup;
			children = (
				75EBD1C719DD99A800183B88 /* Simply */,
				75EBD1E119DD99A900183B88 /* SimplyTests */,
				75EBD1C619DD99A800183B88 /* Products */,
			);
			sourceTree = "<group>";
		};
		75EBD1C619DD99A800183B88 /* Products */ = {
			isa = PBXGroup;
			children = (
				75EBD1C519DD99A800183B88 /* Simply.app */,
				75EBD1DE19DD99A900183B88 /* SimplyTests.xctest */,
			);
			name = Products;
			sourceTree = "<group>";
		};
		75EBD1C719DD99A800183B88 /* Simply */ = {
			isa = PBXGroup;
			children = (
				75718B1219DEF0A70083CD9D /* Models */,
				75EBD1F419DD9EDC00183B88 /* Controllers */,
				75EBD1CC19DD99A800183B88 /* AppDelegate.h */,
				75EBD1CD19DD99A800183B88 /* AppDelegate.m */,
				75EBD1D219DD99A800183B88 /* Main.storyboard */,
				75EBD1D519DD99A800183B88 /* Images.xcassets */,
				75EBD1D719DD99A800183B88 /* LaunchScreen.xib */,
				75EBD1C819DD99A800183B88 /* Supporting Files */,
			);
			path = Simply;
			sourceTree = "<group>";
		};
		75EBD1C819DD99A800183B88 /* Supporting Files */ = {
			isa = PBXGroup;
			children = (
				75EBD1C919DD99A800183B88 /* Info.plist */,
				75EBD1CA19DD99A800183B88 /* main.m */,
			);
			name = "Supporting Files";
			sourceTree = "<group>";
		};
		75EBD1E119DD99A900183B88 /* SimplyTests */ = {
			isa = PBXGroup;
			children = (
				75EBD1E419DD99A900183B88 /* SimplyTests.m */,
				75EBD1E219DD99A900183B88 /* Supporting Files */,
			);
			path = SimplyTests;
			sourceTree = "<group>";
		};
		75EBD1E219DD99A900183B88 /* Supporting Files */ = {
			isa = PBXGroup;
			children = (
				75EBD1E319DD99A900183B88 /* Info.plist */,
			);
			name = "Supporting Files";
			sourceTree = "<group>";
		};
		75EBD1F419DD9EDC00183B88 /* Controllers */ = {
			isa = PBXGroup;
			children = (
				751D2CCF19DE775A001459C9 /* CALayer+extension.h */,
				751D2CD019DE775A001459C9 /* CALayer+extension.m */,
				EF422E3A19DDC20F009661C5 /* Settings */,
				75EBD1F619DD9F0A00183B88 /* Composer */,
				75EBD1F519DD9EE800183B88 /* List View */,
			);
			name = Controllers;
			sourceTree = "<group>";
		};
		75EBD1F519DD9EE800183B88 /* List View */ = {
			isa = PBXGroup;
			children = (
				75EBD1EE19DD9B1000183B88 /* MyListsViewController.h */,
				75EBD1EF19DD9B1000183B88 /* MyListsViewController.m */,
				75718B1719DEF9EE0083CD9D /* ListTableCell.h */,
				75718B1819DEF9EE0083CD9D /* ListTableCell.m */,
			);
			name = "List View";
			sourceTree = "<group>";
		};
		75EBD1F619DD9F0A00183B88 /* Composer */ = {
			isa = PBXGroup;
			children = (
				75EBD1F119DD9ED200183B88 /* AddNewListViewController.h */,
				75EBD1F219DD9ED200183B88 /* AddNewListViewController.m */,
			);
			name = Composer;
			sourceTree = "<group>";
		};
		EF422E3A19DDC20F009661C5 /* Settings */ = {
			isa = PBXGroup;
			children = (
				EF422E3B19DDC419009661C5 /* SettingsViewController.h */,
				EF422E3C19DDC419009661C5 /* SettingsViewController.m */,
			);
			name = Settings;
			sourceTree = "<group>";
		};
/* End PBXGroup section */

/* Begin PBXNativeTarget section */
		75EBD1C419DD99A800183B88 /* Simply */ = {
			isa = PBXNativeTarget;
			buildConfigurationList = 75EBD1E819DD99A900183B88 /* Build configuration list for PBXNativeTarget "Simply" */;
			buildPhases = (
				75EBD1C119DD99A800183B88 /* Sources */,
				75EBD1C219DD99A800183B88 /* Frameworks */,
				75EBD1C319DD99A800183B88 /* Resources */,
			);
			buildRules = (
			);
			dependencies = (
			);
			name = Simply;
			productName = Simply;
			productReference = 75EBD1C519DD99A800183B88 /* Simply.app */;
			productType = "com.apple.product-type.application";
		};
		75EBD1DD19DD99A900183B88 /* SimplyTests */ = {
			isa = PBXNativeTarget;
			buildConfigurationList = 75EBD1EB19DD99A900183B88 /* Build configuration list for PBXNativeTarget "SimplyTests" */;
			buildPhases = (
				75EBD1DA19DD99A900183B88 /* Sources */,
				75EBD1DB19DD99A900183B88 /* Frameworks */,
				75EBD1DC19DD99A900183B88 /* Resources */,
			);
			buildRules = (
			);
			dependencies = (
				75EBD1E019DD99A900183B88 /* PBXTargetDependency */,
			);
			name = SimplyTests;
			productName = SimplyTests;
			productReference = 75EBD1DE19DD99A900183B88 /* SimplyTests.xctest */;
			productType = "com.apple.product-type.bundle.unit-test";
		};
/* End PBXNativeTarget section */

/* Begin PBXProject section */
		75EBD1BD19DD99A800183B88 /* Project object */ = {
			isa = PBXProject;
			attributes = {
				LastUpgradeCheck = 0600;
				ORGANIZATIONNAME = Simply;
				TargetAttributes = {
					75EBD1C419DD99A800183B88 = {
						CreatedOnToolsVersion = 6.0;
					};
					75EBD1DD19DD99A900183B88 = {
						CreatedOnToolsVersion = 6.0;
						TestTargetID = 75EBD1C419DD99A800183B88;
					};
				};
			};
			buildConfigurationList = 75EBD1C019DD99A800183B88 /* Build configuration list for PBXProject "Simply" */;
			compatibilityVersion = "Xcode 3.2";
			developmentRegion = English;
			hasScannedForEncodings = 0;
			knownRegions = (
				en,
				Base,
			);
			mainGroup = 75EBD1BC19DD99A800183B88;
			productRefGroup = 75EBD1C619DD99A800183B88 /* Products */;
			projectDirPath = "";
			projectRoot = "";
			targets = (
				75EBD1C419DD99A800183B88 /* Simply */,
				75EBD1DD19DD99A900183B88 /* SimplyTests */,
			);
		};
/* End PBXProject section */

/* Begin PBXResourcesBuildPhase section */
		75EBD1C319DD99A800183B88 /* Resources */ = {
			isa = PBXResourcesBuildPhase;
			buildActionMask = 2147483647;
			files = (
				75EBD1D419DD99A800183B88 /* Main.storyboard in Resources */,
				75EBD1D919DD99A800183B88 /* LaunchScreen.xib in Resources */,
				75EBD1D619DD99A800183B88 /* Images.xcassets in Resources */,
			);
			runOnlyForDeploymentPostprocessing = 0;
		};
		75EBD1DC19DD99A900183B88 /* Resources */ = {
			isa = PBXResourcesBuildPhase;
			buildActionMask = 2147483647;
			files = (
			);
			runOnlyForDeploymentPostprocessing = 0;
		};
/* End PBXResourcesBuildPhase section */

/* Begin PBXSourcesBuildPhase section */
		75EBD1C119DD99A800183B88 /* Sources */ = {
			isa = PBXSourcesBuildPhase;
			buildActionMask = 2147483647;
			files = (
				75EBD1CE19DD99A800183B88 /* AppDelegate.m in Sources */,
				75EBD1F019DD9B1000183B88 /* MyListsViewController.m in Sources */,
				75718B1519DEF0F70083CD9D /* ShoppingList.m in Sources */,
				EF422E3D19DDC419009661C5 /* SettingsViewController.m in Sources */,
				75EBD1CB19DD99A800183B88 /* main.m in Sources */,
				75EBD1F319DD9ED200183B88 /* AddNewListViewController.m in Sources */,
				75718B1919DEF9EE0083CD9D /* ListTableCell.m in Sources */,
				751D2CD119DE775A001459C9 /* CALayer+extension.m in Sources */,
			);
			runOnlyForDeploymentPostprocessing = 0;
		};
		75EBD1DA19DD99A900183B88 /* Sources */ = {
			isa = PBXSourcesBuildPhase;
			buildActionMask = 2147483647;
			files = (
				75EBD1E519DD99A900183B88 /* SimplyTests.m in Sources */,
			);
			runOnlyForDeploymentPostprocessing = 0;
		};
/* End PBXSourcesBuildPhase section */

/* Begin PBXTargetDependency section */
		75EBD1E019DD99A900183B88 /* PBXTargetDependency */ = {
			isa = PBXTargetDependency;
			target = 75EBD1C419DD99A800183B88 /* Simply */;
			targetProxy = 75EBD1DF19DD99A900183B88 /* PBXContainerItemProxy */;
		};
/* End PBXTargetDependency section */

/* Begin PBXVariantGroup section */
		75EBD1D219DD99A800183B88 /* Main.storyboard */ = {
			isa = PBXVariantGroup;
			children = (
				75EBD1D319DD99A800183B88 /* Base */,
			);
			name = Main.storyboard;
			sourceTree = "<group>";
		};
		75EBD1D719DD99A800183B88 /* LaunchScreen.xib */ = {
			isa = PBXVariantGroup;
			children = (
				75EBD1D819DD99A800183B88 /* Base */,
			);
			name = LaunchScreen.xib;
			sourceTree = "<group>";
		};
/* End PBXVariantGroup section */

/* Begin XCBuildConfiguration section */
		75EBD1E619DD99A900183B88 /* Debug */ = {
			isa = XCBuildConfiguration;
			buildSettings = {
				ALWAYS_SEARCH_USER_PATHS = NO;
				CLANG_CXX_LANGUAGE_STANDARD = "gnu++0x";
				CLANG_CXX_LIBRARY = "libc++";
				CLANG_ENABLE_MODULES = YES;
				CLANG_ENABLE_OBJC_ARC = YES;
				CLANG_WARN_BOOL_CONVERSION = YES;
				CLANG_WARN_CONSTANT_CONVERSION = YES;
				CLANG_WARN_DIRECT_OBJC_ISA_USAGE = YES_ERROR;
				CLANG_WARN_EMPTY_BODY = YES;
				CLANG_WARN_ENUM_CONVERSION = YES;
				CLANG_WARN_INT_CONVERSION = YES;
				CLANG_WARN_OBJC_ROOT_CLASS = YES_ERROR;
				CLANG_WARN_UNREACHABLE_CODE = YES;
				CLANG_WARN__DUPLICATE_METHOD_MATCH = YES;
				"CODE_SIGN_IDENTITY[sdk=iphoneos*]" = "iPhone Developer";
				COPY_PHASE_STRIP = NO;
				ENABLE_STRICT_OBJC_MSGSEND = YES;
				GCC_C_LANGUAGE_STANDARD = gnu99;
				GCC_DYNAMIC_NO_PIC = NO;
				GCC_OPTIMIZATION_LEVEL = 0;
				GCC_PREPROCESSOR_DEFINITIONS = (
					"DEBUG=1",
					"$(inherited)",
				);
				GCC_SYMBOLS_PRIVATE_EXTERN = NO;
				GCC_WARN_64_TO_32_BIT_CONVERSION = YES;
				GCC_WARN_ABOUT_RETURN_TYPE = YES_ERROR;
				GCC_WARN_UNDECLARED_SELECTOR = YES;
				GCC_WARN_UNINITIALIZED_AUTOS = YES_AGGRESSIVE;
				GCC_WARN_UNUSED_FUNCTION = YES;
				GCC_WARN_UNUSED_VARIABLE = YES;
				IPHONEOS_DEPLOYMENT_TARGET = 8.0;
				MTL_ENABLE_DEBUG_INFO = YES;
				ONLY_ACTIVE_ARCH = YES;
				SDKROOT = iphoneos;
			};
			name = Debug;
		};
		75EBD1E719DD99A900183B88 /* Release */ = {
			isa = XCBuildConfiguration;
			buildSettings = {
				ALWAYS_SEARCH_USER_PATHS = NO;
				CLANG_CXX_LANGUAGE_STANDARD = "gnu++0x";
				CLANG_CXX_LIBRARY = "libc++";
				CLANG_ENABLE_MODULES = YES;
				CLANG_ENABLE_OBJC_ARC = YES;
				CLANG_WARN_BOOL_CONVERSION = YES;
				CLANG_WARN_CONSTANT_CONVERSION = YES;
				CLANG_WARN_DIRECT_OBJC_ISA_USAGE = YES_ERROR;
				CLANG_WARN_EMPTY_BODY = YES;
				CLANG_WARN_ENUM_CONVERSION = YES;
				CLANG_WARN_INT_CONVERSION = YES;
				CLANG_WARN_OBJC_ROOT_CLASS = YES_ERROR;
				CLANG_WARN_UNREACHABLE_CODE = YES;
				CLANG_WARN__DUPLICATE_METHOD_MATCH = YES;
				"CODE_SIGN_IDENTITY[sdk=iphoneos*]" = "iPhone Developer";
				COPY_PHASE_STRIP = YES;
				ENABLE_NS_ASSERTIONS = NO;
				ENABLE_STRICT_OBJC_MSGSEND = YES;
				GCC_C_LANGUAGE_STANDARD = gnu99;
				GCC_WARN_64_TO_32_BIT_CONVERSION = YES;
				GCC_WARN_ABOUT_RETURN_TYPE = YES_ERROR;
				GCC_WARN_UNDECLARED_SELECTOR = YES;
				GCC_WARN_UNINITIALIZED_AUTOS = YES_AGGRESSIVE;
				GCC_WARN_UNUSED_FUNCTION = YES;
				GCC_WARN_UNUSED_VARIABLE = YES;
				IPHONEOS_DEPLOYMENT_TARGET = 8.0;
				MTL_ENABLE_DEBUG_INFO = NO;
				SDKROOT = iphoneos;
				VALIDATE_PRODUCT = YES;
			};
			name = Release;
		};
		75EBD1E919DD99A900183B88 /* Debug */ = {
			isa = XCBuildConfiguration;
			buildSettings = {
				ASSETCATALOG_COMPILER_APPICON_NAME = AppIcon;
				INFOPLIST_FILE = Simply/Info.plist;
				LD_RUNPATH_SEARCH_PATHS = "$(inherited) @executable_path/Frameworks";
				PRODUCT_NAME = "$(TARGET_NAME)";
			};
			name = Debug;
		};
		75EBD1EA19DD99A900183B88 /* Release */ = {
			isa = XCBuildConfiguration;
			buildSettings = {
				ASSETCATALOG_COMPILER_APPICON_NAME = AppIcon;
				INFOPLIST_FILE = Simply/Info.plist;
				LD_RUNPATH_SEARCH_PATHS = "$(inherited) @executable_path/Frameworks";
				PRODUCT_NAME = "$(TARGET_NAME)";
			};
			name = Release;
		};
		75EBD1EC19DD99A900183B88 /* Debug */ = {
			isa = XCBuildConfiguration;
			buildSettings = {
				BUNDLE_LOADER = "$(TEST_HOST)";
				FRAMEWORK_SEARCH_PATHS = (
					"$(SDKROOT)/Developer/Library/Frameworks",
					"$(inherited)",
				);
				GCC_PREPROCESSOR_DEFINITIONS = (
					"DEBUG=1",
					"$(inherited)",
				);
				INFOPLIST_FILE = SimplyTests/Info.plist;
				LD_RUNPATH_SEARCH_PATHS = "$(inherited) @executable_path/Frameworks @loader_path/Frameworks";
				PRODUCT_NAME = "$(TARGET_NAME)";
				TEST_HOST = "$(BUILT_PRODUCTS_DIR)/Simply.app/Simply";
			};
			name = Debug;
		};
		75EBD1ED19DD99A900183B88 /* Release */ = {
			isa = XCBuildConfiguration;
			buildSettings = {
				BUNDLE_LOADER = "$(TEST_HOST)";
				FRAMEWORK_SEARCH_PATHS = (
					"$(SDKROOT)/Developer/Library/Frameworks",
					"$(inherited)",
				);
				INFOPLIST_FILE = SimplyTests/Info.plist;
				LD_RUNPATH_SEARCH_PATHS = "$(inherited) @executable_path/Frameworks @loader_path/Frameworks";
				PRODUCT_NAME = "$(TARGET_NAME)";
				TEST_HOST = "$(BUILT_PRODUCTS_DIR)/Simply.app/Simply";
			};
			name = Release;
		};
/* End XCBuildConfiguration section */

/* Begin XCConfigurationList section */
		75EBD1C019DD99A800183B88 /* Build configuration list for PBXProject "Simply" */ = {
			isa = XCConfigurationList;
			buildConfigurations = (
				75EBD1E619DD99A900183B88 /* Debug */,
				75EBD1E719DD99A900183B88 /* Release */,
			);
			defaultConfigurationIsVisible = 0;
			defaultConfigurationName = Release;
		};
		75EBD1E819DD99A900183B88 /* Build configuration list for PBXNativeTarget "Simply" */ = {
			isa = XCConfigurationList;
			buildConfigurations = (
				75EBD1E919DD99A900183B88 /* Debug */,
				75EBD1EA19DD99A900183B88 /* Release */,
			);
			defaultConfigurationIsVisible = 0;
			defaultConfigurationName = Release;
		};
		75EBD1EB19DD99A900183B88 /* Build configuration list for PBXNativeTarget "SimplyTests" */ = {
			isa = XCConfigurationList;
			buildConfigurations = (
				75EBD1EC19DD99A900183B88 /* Debug */,
				75EBD1ED19DD99A900183B88 /* Release */,
			);
			defaultConfigurationIsVisible = 0;
			defaultConfigurationName = Release;
		};
/* End XCConfigurationList section */
	};
	rootObject = 75EBD1BD19DD99A800183B88 /* Project object */;
}
